
Microsoft Visual Studio Solution File, Format Version 12.00
# Visual Studio Version 16
VisualStudioVersion = 16.0.34931.43
MinimumVisualStudioVersion = 10.0.40219.1
Project("{FAE04EC0-301F-11D3-BF4B-00C04F79EFBC}") = "1_NAMESPACE", "1_NAMESPACE\1_NAMESPACE.csproj", "{9A09C49B-32CA-4954-B3FA-85414C1033BD}"
EndProject
Project("{FAE04EC0-301F-11D3-BF4B-00C04F79EFBC}") = "2_CUSTOM_NAME_SPACE", "2_CUSTOM_NAME_SPACE\2_CUSTOM_NAME_SPACE.csproj", "{1466735A-FCD0-417B-9834-1FEA33E61A22}"
EndProject
Project("{FAE04EC0-301F-11D3-BF4B-00C04F79EFBC}") = "3_NESTED_NAMESPACE", "3_NESTED_NAMESPACE\3_NESTED_NAMESPACE.csproj", "{79C01142-4D45-4E71-AA4B-37D5069F8D7B}"
EndProject
Global
	GlobalSection(SolutionConfigurationPlatforms) = preSolution
		Debug|Any CPU = Debug|Any CPU
		Release|Any CPU = Release|Any CPU
	EndGlobalSection
	GlobalSection(ProjectConfigurationPlatforms) = postSolution
		{9A09C49B-32CA-4954-B3FA-85414C1033BD}.Debug|Any CPU.ActiveCfg = Debug|Any CPU
		{9A09C49B-32CA-4954-B3FA-85414C1033BD}.Debug|Any CPU.Build.0 = Debug|Any CPU
		{9A09C49B-32CA-4954-B3FA-85414C1033BD}.Release|Any CPU.ActiveCfg = Release|Any CPU
		{9A09C49B-32CA-4954-B3FA-85414C1033BD}.Release|Any CPU.Build.0 = Release|Any CPU
		{1466735A-FCD0-417B-9834-1FEA33E61A22}.Debug|Any CPU.ActiveCfg = Debug|Any CPU
		{1466735A-FCD0-417B-9834-1FEA33E61A22}.Debug|Any CPU.Build.0 = Debug|Any CPU
		{1466735A-FCD0-417B-9834-1FEA33E61A22}.Release|Any CPU.ActiveCfg = Release|Any CPU
		{1466735A-FCD0-417B-9834-1FEA33E61A22}.Release|Any CPU.Build.0 = Release|Any CPU
		{79C01142-4D45-4E71-AA4B-37D5069F8D7B}.Debug|Any CPU.ActiveCfg = Debug|Any CPU
		{79C01142-4D45-4E71-AA4B-37D5069F8D7B}.Debug|Any CPU.Build.0 = Debug|Any CPU
		{79C01142-4D45-4E71-AA4B-37D5069F8D7B}.Release|Any CPU.ActiveCfg = Release|Any CPU
		{79C01142-4D45-4E71-AA4B-37D5069F8D7B}.Release|Any CPU.Build.0 = Release|Any CPU
	EndGlobalSection
	GlobalSection(SolutionProperties) = preSolution
		HideSolutionNode = FALSE
	EndGlobalSection
	GlobalSection(ExtensibilityGlobals) = postSolution
		SolutionGuid = {DA91D89F-920C-4EB3-B156-8970393DDA03}
	EndGlobalSection
EndGlobal
