
Microsoft Visual Studio Solution File, Format Version 12.00
# Visual Studio Version 16
VisualStudioVersion = 16.0.34931.43
MinimumVisualStudioVersion = 10.0.40219.1
Project("{FAE04EC0-301F-11D3-BF4B-00C04F79EFBC}") = "1_IF_CONDITION", "1_IF_CONDITION\1_IF_CONDITION.csproj", "{3E859005-68FE-46B0-B46F-05404F407102}"
EndProject
Project("{FAE04EC0-301F-11D3-BF4B-00C04F79EFBC}") = "2_IF_ELSE_STATEMENT", "2_IF_ELSE_STATEMENT\2_IF_ELSE_STATEMENT.csproj", "{AC2A8B6F-7276-4DB3-9C31-29188BCD92FF}"
EndProject
Project("{FAE04EC0-301F-11D3-BF4B-00C04F79EFBC}") = "3_IF_ELSE_IF", "3_IF_ELSE_IF\3_IF_ELSE_IF.csproj", "{002E6663-35DD-4BEA-ADE4-52AA34FA0684}"
EndProject
Project("{FAE04EC0-301F-11D3-BF4B-00C04F79EFBC}") = "4_NESTED_IF_ELSE", "4_NESTED_IF_ELSE\4_NESTED_IF_ELSE.csproj", "{051D3A40-6FEA-48D1-BEAE-E914DE2AD84A}"
EndProject
Project("{FAE04EC0-301F-11D3-BF4B-00C04F79EFBC}") = "6_TERNARY_OPERATOR", "6_TERNARY_OPERATOR\6_TERNARY_OPERATOR.csproj", "{B6A3B990-B858-4669-B627-41F49F806B2B}"
EndProject
Project("{FAE04EC0-301F-11D3-BF4B-00C04F79EFBC}") = "7_SWITCH_CASE", "7_SWITCH_CASE\7_SWITCH_CASE.csproj", "{E291AFC6-664D-4BB0-AE84-C4DF1E883690}"
EndProject
Global
	GlobalSection(SolutionConfigurationPlatforms) = preSolution
		Debug|Any CPU = Debug|Any CPU
		Release|Any CPU = Release|Any CPU
	EndGlobalSection
	GlobalSection(ProjectConfigurationPlatforms) = postSolution
		{3E859005-68FE-46B0-B46F-05404F407102}.Debug|Any CPU.ActiveCfg = Debug|Any CPU
		{3E859005-68FE-46B0-B46F-05404F407102}.Debug|Any CPU.Build.0 = Debug|Any CPU
		{3E859005-68FE-46B0-B46F-05404F407102}.Release|Any CPU.ActiveCfg = Release|Any CPU
		{3E859005-68FE-46B0-B46F-05404F407102}.Release|Any CPU.Build.0 = Release|Any CPU
		{AC2A8B6F-7276-4DB3-9C31-29188BCD92FF}.Debug|Any CPU.ActiveCfg = Debug|Any CPU
		{AC2A8B6F-7276-4DB3-9C31-29188BCD92FF}.Debug|Any CPU.Build.0 = Debug|Any CPU
		{AC2A8B6F-7276-4DB3-9C31-29188BCD92FF}.Release|Any CPU.ActiveCfg = Release|Any CPU
		{AC2A8B6F-7276-4DB3-9C31-29188BCD92FF}.Release|Any CPU.Build.0 = Release|Any CPU
		{002E6663-35DD-4BEA-ADE4-52AA34FA0684}.Debug|Any CPU.ActiveCfg = Debug|Any CPU
		{002E6663-35DD-4BEA-ADE4-52AA34FA0684}.Debug|Any CPU.Build.0 = Debug|Any CPU
		{002E6663-35DD-4BEA-ADE4-52AA34FA0684}.Release|Any CPU.ActiveCfg = Release|Any CPU
		{002E6663-35DD-4BEA-ADE4-52AA34FA0684}.Release|Any CPU.Build.0 = Release|Any CPU
		{051D3A40-6FEA-48D1-BEAE-E914DE2AD84A}.Debug|Any CPU.ActiveCfg = Debug|Any CPU
		{051D3A40-6FEA-48D1-BEAE-E914DE2AD84A}.Debug|Any CPU.Build.0 = Debug|Any CPU
		{051D3A40-6FEA-48D1-BEAE-E914DE2AD84A}.Release|Any CPU.ActiveCfg = Release|Any CPU
		{051D3A40-6FEA-48D1-BEAE-E914DE2AD84A}.Release|Any CPU.Build.0 = Release|Any CPU
		{B6A3B990-B858-4669-B627-41F49F806B2B}.Debug|Any CPU.ActiveCfg = Debug|Any CPU
		{B6A3B990-B858-4669-B627-41F49F806B2B}.Debug|Any CPU.Build.0 = Debug|Any CPU
		{B6A3B990-B858-4669-B627-41F49F806B2B}.Release|Any CPU.ActiveCfg = Release|Any CPU
		{B6A3B990-B858-4669-B627-41F49F806B2B}.Release|Any CPU.Build.0 = Release|Any CPU
		{E291AFC6-664D-4BB0-AE84-C4DF1E883690}.Debug|Any CPU.ActiveCfg = Debug|Any CPU
		{E291AFC6-664D-4BB0-AE84-C4DF1E883690}.Debug|Any CPU.Build.0 = Debug|Any CPU
		{E291AFC6-664D-4BB0-AE84-C4DF1E883690}.Release|Any CPU.ActiveCfg = Release|Any CPU
		{E291AFC6-664D-4BB0-AE84-C4DF1E883690}.Release|Any CPU.Build.0 = Release|Any CPU
	EndGlobalSection
	GlobalSection(SolutionProperties) = preSolution
		HideSolutionNode = FALSE
	EndGlobalSection
	GlobalSection(ExtensibilityGlobals) = postSolution
		SolutionGuid = {6827A197-72B7-4068-A7EB-95B6C92A4A17}
	EndGlobalSection
EndGlobal
