
Microsoft Visual Studio Solution File, Format Version 12.00
# Visual Studio Version 16
VisualStudioVersion = 16.0.34931.43
MinimumVisualStudioVersion = 10.0.40219.1
Project("{FAE04EC0-301F-11D3-BF4B-00C04F79EFBC}") = "1_FOR_LOOPS", "1_FOR_LOOPS\1_FOR_LOOPS.csproj", "{6293EF79-40EB-454E-A739-5A617304484D}"
EndProject
Project("{FAE04EC0-301F-11D3-BF4B-00C04F79EFBC}") = "2_WHILE_LOOP", "2_WHILE_LOOP\2_WHILE_LOOP.csproj", "{A337F2BC-D888-4191-B891-5CE323E5D7DD}"
EndProject
Project("{FAE04EC0-301F-11D3-BF4B-00C04F79EFBC}") = "3_DO_WHILE", "3_DO_WHILE\3_DO_WHILE.csproj", "{BC4EB5E2-A09B-4AA6-93A7-8BF8F17A750E}"
EndProject
Project("{FAE04EC0-301F-11D3-BF4B-00C04F79EFBC}") = "4_FOR_EACH", "4_FOR_EACH\4_FOR_EACH.csproj", "{F74499BE-62E4-4044-B9BA-DEFA90A059F7}"
EndProject
Global
	GlobalSection(SolutionConfigurationPlatforms) = preSolution
		Debug|Any CPU = Debug|Any CPU
		Release|Any CPU = Release|Any CPU
	EndGlobalSection
	GlobalSection(ProjectConfigurationPlatforms) = postSolution
		{6293EF79-40EB-454E-A739-5A617304484D}.Debug|Any CPU.ActiveCfg = Debug|Any CPU
		{6293EF79-40EB-454E-A739-5A617304484D}.Debug|Any CPU.Build.0 = Debug|Any CPU
		{6293EF79-40EB-454E-A739-5A617304484D}.Release|Any CPU.ActiveCfg = Release|Any CPU
		{6293EF79-40EB-454E-A739-5A617304484D}.Release|Any CPU.Build.0 = Release|Any CPU
		{A337F2BC-D888-4191-B891-5CE323E5D7DD}.Debug|Any CPU.ActiveCfg = Debug|Any CPU
		{A337F2BC-D888-4191-B891-5CE323E5D7DD}.Debug|Any CPU.Build.0 = Debug|Any CPU
		{A337F2BC-D888-4191-B891-5CE323E5D7DD}.Release|Any CPU.ActiveCfg = Release|Any CPU
		{A337F2BC-D888-4191-B891-5CE323E5D7DD}.Release|Any CPU.Build.0 = Release|Any CPU
		{BC4EB5E2-A09B-4AA6-93A7-8BF8F17A750E}.Debug|Any CPU.ActiveCfg = Debug|Any CPU
		{BC4EB5E2-A09B-4AA6-93A7-8BF8F17A750E}.Debug|Any CPU.Build.0 = Debug|Any CPU
		{BC4EB5E2-A09B-4AA6-93A7-8BF8F17A750E}.Release|Any CPU.ActiveCfg = Release|Any CPU
		{BC4EB5E2-A09B-4AA6-93A7-8BF8F17A750E}.Release|Any CPU.Build.0 = Release|Any CPU
		{F74499BE-62E4-4044-B9BA-DEFA90A059F7}.Debug|Any CPU.ActiveCfg = Debug|Any CPU
		{F74499BE-62E4-4044-B9BA-DEFA90A059F7}.Debug|Any CPU.Build.0 = Debug|Any CPU
		{F74499BE-62E4-4044-B9BA-DEFA90A059F7}.Release|Any CPU.ActiveCfg = Release|Any CPU
		{F74499BE-62E4-4044-B9BA-DEFA90A059F7}.Release|Any CPU.Build.0 = Release|Any CPU
	EndGlobalSection
	GlobalSection(SolutionProperties) = preSolution
		HideSolutionNode = FALSE
	EndGlobalSection
	GlobalSection(ExtensibilityGlobals) = postSolution
		SolutionGuid = {66116125-4EE0-442C-82F9-6DD41EF2D429}
	EndGlobalSection
EndGlobal
