
Microsoft Visual Studio Solution File, Format Version 12.00
# Visual Studio Version 16
VisualStudioVersion = 16.0.34931.43
MinimumVisualStudioVersion = 10.0.40219.1
Project("{9A19103F-16F7-4668-BE54-9A1E7A4F7556}") = "1_CLASS_OBJECTS", "1_CLASS_OBJECTS\1_CLASS_OBJECTS.csproj", "{F04A2711-088F-4102-9B4C-2093BF597FA1}"
EndProject
Project("{9A19103F-16F7-4668-BE54-9A1E7A4F7556}") = "2_CONSTRUCTOR", "2_CONSTRUCTOR\2_CONSTRUCTOR.csproj", "{1B5C96AE-CBCC-4C5B-92DF-35013222D171}"
EndProject
Project("{FAE04EC0-301F-11D3-BF4B-00C04F79EFBC}") = "3_DECONSTRUCTOR", "3_DECONSTRUCTOR\3_DECONSTRUCTOR.csproj", "{78F193E1-165E-4D72-9997-7BFDD0986AF4}"
EndProject
Project("{FAE04EC0-301F-11D3-BF4B-00C04F79EFBC}") = "4_THIS_KEYWORD", "4_THIS_KEYWORD\4_THIS_KEYWORD.csproj", "{977E0B46-188E-4488-9BF5-29218FE8665C}"
EndProject
Project("{FAE04EC0-301F-11D3-BF4B-00C04F79EFBC}") = "5_STATIC_KEYWORD", "5_STATIC_KEYWORD\5_STATIC_KEYWORD.csproj", "{382BB22E-AD82-4F7C-AA83-D19BDB5A2A89}"
EndProject
Global
	GlobalSection(SolutionConfigurationPlatforms) = preSolution
		Debug|Any CPU = Debug|Any CPU
		Release|Any CPU = Release|Any CPU
	EndGlobalSection
	GlobalSection(ProjectConfigurationPlatforms) = postSolution
		{F04A2711-088F-4102-9B4C-2093BF597FA1}.Debug|Any CPU.ActiveCfg = Debug|Any CPU
		{F04A2711-088F-4102-9B4C-2093BF597FA1}.Debug|Any CPU.Build.0 = Debug|Any CPU
		{F04A2711-088F-4102-9B4C-2093BF597FA1}.Release|Any CPU.ActiveCfg = Release|Any CPU
		{F04A2711-088F-4102-9B4C-2093BF597FA1}.Release|Any CPU.Build.0 = Release|Any CPU
		{1B5C96AE-CBCC-4C5B-92DF-35013222D171}.Debug|Any CPU.ActiveCfg = Debug|Any CPU
		{1B5C96AE-CBCC-4C5B-92DF-35013222D171}.Debug|Any CPU.Build.0 = Debug|Any CPU
		{1B5C96AE-CBCC-4C5B-92DF-35013222D171}.Release|Any CPU.ActiveCfg = Release|Any CPU
		{1B5C96AE-CBCC-4C5B-92DF-35013222D171}.Release|Any CPU.Build.0 = Release|Any CPU
		{78F193E1-165E-4D72-9997-7BFDD0986AF4}.Debug|Any CPU.ActiveCfg = Debug|Any CPU
		{78F193E1-165E-4D72-9997-7BFDD0986AF4}.Debug|Any CPU.Build.0 = Debug|Any CPU
		{78F193E1-165E-4D72-9997-7BFDD0986AF4}.Release|Any CPU.ActiveCfg = Release|Any CPU
		{78F193E1-165E-4D72-9997-7BFDD0986AF4}.Release|Any CPU.Build.0 = Release|Any CPU
		{977E0B46-188E-4488-9BF5-29218FE8665C}.Debug|Any CPU.ActiveCfg = Debug|Any CPU
		{977E0B46-188E-4488-9BF5-29218FE8665C}.Debug|Any CPU.Build.0 = Debug|Any CPU
		{977E0B46-188E-4488-9BF5-29218FE8665C}.Release|Any CPU.ActiveCfg = Release|Any CPU
		{977E0B46-188E-4488-9BF5-29218FE8665C}.Release|Any CPU.Build.0 = Release|Any CPU
		{382BB22E-AD82-4F7C-AA83-D19BDB5A2A89}.Debug|Any CPU.ActiveCfg = Debug|Any CPU
		{382BB22E-AD82-4F7C-AA83-D19BDB5A2A89}.Debug|Any CPU.Build.0 = Debug|Any CPU
		{382BB22E-AD82-4F7C-AA83-D19BDB5A2A89}.Release|Any CPU.ActiveCfg = Release|Any CPU
		{382BB22E-AD82-4F7C-AA83-D19BDB5A2A89}.Release|Any CPU.Build.0 = Release|Any CPU
	EndGlobalSection
	GlobalSection(SolutionProperties) = preSolution
		HideSolutionNode = FALSE
	EndGlobalSection
	GlobalSection(ExtensibilityGlobals) = postSolution
		SolutionGuid = {9F9BFE24-BA8B-47C6-BDAF-60415A533FB2}
	EndGlobalSection
EndGlobal
